
Microsoft Visual Studio Solution File, Format Version 12.00
# Visual Studio Version 17
VisualStudioVersion = 17.10.34916.146
MinimumVisualStudioVersion = 10.0.40219.1
Project("{FAE04EC0-301F-11D3-BF4B-00C04F79EFBC}") = "BossFight", "BossFight\BossFight.csproj", "{F438EFDA-2ACB-419D-969D-926AAC079DC2}"
EndProject
Global
	GlobalSection(SolutionConfigurationPlatforms) = preSolution
		Debug|Any CPU = Debug|Any CPU
		Release|Any CPU = Release|Any CPU
	EndGlobalSection
	GlobalSection(ProjectConfigurationPlatforms) = postSolution
		{F438EFDA-2ACB-419D-969D-926AAC079DC2}.Debug|Any CPU.ActiveCfg = Debug|Any CPU
		{F438EFDA-2ACB-419D-969D-926AAC079DC2}.Debug|Any CPU.Build.0 = Debug|Any CPU
		{F438EFDA-2ACB-419D-969D-926AAC079DC2}.Release|Any CPU.ActiveCfg = Release|Any CPU
		{F438EFDA-2ACB-419D-969D-926AAC079DC2}.Release|Any CPU.Build.0 = Release|Any CPU
	EndGlobalSection
	GlobalSection(SolutionProperties) = preSolution
		HideSolutionNode = FALSE
	EndGlobalSection
	GlobalSection(ExtensibilityGlobals) = postSolution
		SolutionGuid = {657AC18B-A46D-47FB-8C11-2479A6FA2A84}
	EndGlobalSection
EndGlobal
